Microsoft Visual Studio Solution File, Format Version 11.00
# Visual Studio 2008

Project("{F3FD681E-2841-56E3-1701-2FFD72183A54}") = "SportsBalls", "Assembly-CSharp-firstpass-vs.csproj", "{CD8A3022-123D-38E0-6459-05536EDB0B45}"
EndProject
Project("{F3FD681E-2841-56E3-1701-2FFD72183A54}") = "SportsBalls", "Assembly-CSharp-vs.csproj", "{9584D0AE-4E67-9DF5-9F28-C26776B88175}"
EndProject
Global
	GlobalSection(SolutionConfigurationPlatforms) = preSolution
		Debug|Any CPU = Debug|Any CPU
		Release|Any CPU = Release|Any CPU
	EndGlobalSection
	GlobalSection(ProjectConfigurationPlatforms) = postSolution
		{CD8A3022-123D-38E0-6459-05536EDB0B45}.Debug|Any CPU.ActiveCfg = Debug|Any CPU
		{CD8A3022-123D-38E0-6459-05536EDB0B45}.Debug|Any CPU.Build.0 = Debug|Any CPU
		{CD8A3022-123D-38E0-6459-05536EDB0B45}.Release|Any CPU.ActiveCfg = Release|Any CPU
		{CD8A3022-123D-38E0-6459-05536EDB0B45}.Release|Any CPU.Build.0 = Release|Any CPU
		{9584D0AE-4E67-9DF5-9F28-C26776B88175}.Debug|Any CPU.ActiveCfg = Debug|Any CPU
		{9584D0AE-4E67-9DF5-9F28-C26776B88175}.Debug|Any CPU.Build.0 = Debug|Any CPU
		{9584D0AE-4E67-9DF5-9F28-C26776B88175}.Release|Any CPU.ActiveCfg = Release|Any CPU
		{9584D0AE-4E67-9DF5-9F28-C26776B88175}.Release|Any CPU.Build.0 = Release|Any CPU
	EndGlobalSection
	GlobalSection(SolutionProperties) = preSolution
		HideSolutionNode = FALSE
	EndGlobalSection
																														GlobalSection(MonoDevelopProperties) = preSolution
		StartupItem = Assembly-CSharp.csproj
		Policies = $0
		$0.TextStylePolicy = $1
		$1.inheritsSet = null
		$1.scope = text/x-csharp
		$0.CSharpFormattingPolicy = $2
		$2.inheritsSet = Mono
		$2.inheritsScope = text/x-csharp
		$2.scope = text/x-csharp
		$0.TextStylePolicy = $3
		$3.FileWidth = 120
		$3.TabWidth = 4
		$3.EolMarker = Unix
		$3.inheritsSet = Mono
		$3.inheritsScope = text/plain
		$3.scope = text/plain
	EndGlobalSection

EndGlobal
